{
  "name": "mondo-app",
  "lockfileVersion": 2,
  "requires": true,
  "packages": {
    "": {
      "dependencies": {
        "procfile": "^0.1.1"
      }
    },
    "node_modules/procfile": {
      "version": "0.1.1",
      "resolved": "https://registry.npmjs.org/procfile/-/procfile-0.1.1.tgz",
      "integrity": "sha1-c5P1rBcbEyExQ7NVNzzGkLBYsi8=",
      "engines": {
        "node": ">= 0.4.0"
      }
    }
  },
  "dependencies": {
    "procfile": {
      "version": "0.1.1",
      "resolved": "https://registry.npmjs.org/procfile/-/procfile-0.1.1.tgz",
      "integrity": "sha1-c5P1rBcbEyExQ7NVNzzGkLBYsi8="
    }
  }
}
